// !$*UTF8*$!
{
	archiveVersion = 1;
	classes = {
	};
	objectVersion = 55;
	objects = {

/* Begin PBXBuildFile section */
		F3432AD527E5D2B0006B7DD6 /* SwiftLearningApp.swift in Sources */ = {isa = PBXBuildFile; fileRef = F3432AD427E5D2B0006B7DD6 /* SwiftLearningApp.swift */; };
		F3432AD727E5D2B0006B7DD6 /* ContentView.swift in Sources */ = {isa = PBXBuildFile; fileRef = F3432AD627E5D2B0006B7DD6 /* ContentView.swift */; };
		F3432AD927E5D2B1006B7DD6 /* Assets.xcassets in Resources */ = {isa = PBXBuildFile; fileRef = F3432AD827E5D2B1006B7DD6 /* Assets.xcassets */; };
		F3432ADC27E5D2B1006B7DD6 /* Preview Assets.xcassets in Resources */ = {isa = PBXBuildFile; fileRef = F3432ADB27E5D2B1006B7DD6 /* Preview Assets.xcassets */; };
		F3432AE627E5D2B1006B7DD6 /* SwiftLearningTests.swift in Sources */ = {isa = PBXBuildFile; fileRef = F3432AE527E5D2B1006B7DD6 /* SwiftLearningTests.swift */; };
		F3432AF027E5D2B1006B7DD6 /* SwiftLearningUITests.swift in Sources */ = {isa = PBXBuildFile; fileRef = F3432AEF27E5D2B1006B7DD6 /* SwiftLearningUITests.swift */; };
		F3432AFD27E5D5DE006B7DD6 /* HomeScreen.swift in Sources */ = {isa = PBXBuildFile; fileRef = F3432AFC27E5D5DE006B7DD6 /* HomeScreen.swift */; };
		F3432B0127E5DFFC006B7DD6 /* AlbumScreen.swift in Sources */ = {isa = PBXBuildFile; fileRef = F3432B0027E5DFFC006B7DD6 /* AlbumScreen.swift */; };
		F3432B0327E5E054006B7DD6 /* BottomNavigationBar.swift in Sources */ = {isa = PBXBuildFile; fileRef = F3432B0227E5E054006B7DD6 /* BottomNavigationBar.swift */; };
		F3432B0527E5E257006B7DD6 /* MoreScreen.swift in Sources */ = {isa = PBXBuildFile; fileRef = F3432B0427E5E257006B7DD6 /* MoreScreen.swift */; };
/* End PBXBuildFile section */

/* Begin PBXContainerItemProxy section */
		F3432AE227E5D2B1006B7DD6 /* PBXContainerItemProxy */ = {
			isa = PBXContainerItemProxy;
			containerPortal = F3432AC927E5D2B0006B7DD6 /* Project object */;
			proxyType = 1;
			remoteGlobalIDString = F3432AD027E5D2B0006B7DD6;
			remoteInfo = SwiftLearning;
		};
		F3432AEC27E5D2B1006B7DD6 /* PBXContainerItemProxy */ = {
			isa = PBXContainerItemProxy;
			containerPortal = F3432AC927E5D2B0006B7DD6 /* Project object */;
			proxyType = 1;
			remoteGlobalIDString = F3432AD027E5D2B0006B7DD6;
			remoteInfo = SwiftLearning;
		};
/* End PBXContainerItemProxy section */

/* Begin PBXFileReference section */
		F3432AD127E5D2B0006B7DD6 /* SwiftLearning.app */ = {isa = PBXFileReference; explicitFileType = wrapper.application; includeInIndex = 0; path = SwiftLearning.app; sourceTree = BUILT_PRODUCTS_DIR; };
		F3432AD427E5D2B0006B7DD6 /* SwiftLearningApp.swift */ = {isa = PBXFileReference; lastKnownFileType = sourcecode.swift; path = SwiftLearningApp.swift; sourceTree = "<group>"; };
		F3432AD627E5D2B0006B7DD6 /* ContentView.swift */ = {isa = PBXFileReference; lastKnownFileType = sourcecode.swift; path = ContentView.swift; sourceTree = "<group>"; };
		F3432AD827E5D2B1006B7DD6 /* Assets.xcassets */ = {isa = PBXFileReference; lastKnownFileType = folder.assetcatalog; path = Assets.xcassets; sourceTree = "<group>"; };
		F3432ADB27E5D2B1006B7DD6 /* Preview Assets.xcassets */ = {isa = PBXFileReference; lastKnownFileType = folder.assetcatalog; path = "Preview Assets.xcassets"; sourceTree = "<group>"; };
		F3432AE127E5D2B1006B7DD6 /* SwiftLearningTests.xctest */ = {isa = PBXFileReference; explicitFileType = wrapper.cfbundle; includeInIndex = 0; path = SwiftLearningTests.xctest; sourceTree = BUILT_PRODUCTS_DIR; };
		F3432AE527E5D2B1006B7DD6 /* SwiftLearningTests.swift */ = {isa = PBXFileReference; lastKnownFileType = sourcecode.swift; path = SwiftLearningTests.swift; sourceTree = "<group>"; };
		F3432AEB27E5D2B1006B7DD6 /* SwiftLearningUITests.xctest */ = {isa = PBXFileReference; explicitFileType = wrapper.cfbundle; includeInIndex = 0; path = SwiftLearningUITests.xctest; sourceTree = BUILT_PRODUCTS_DIR; };
		F3432AEF27E5D2B1006B7DD6 /* SwiftLearningUITests.swift */ = {isa = PBXFileReference; lastKnownFileType = sourcecode.swift; path = SwiftLearningUITests.swift; sourceTree = "<group>"; };
		F3432AFC27E5D5DE006B7DD6 /* HomeScreen.swift */ = {isa = PBXFileReference; lastKnownFileType = sourcecode.swift; path = HomeScreen.swift; sourceTree = "<group>"; };
		F3432B0027E5DFFC006B7DD6 /* AlbumScreen.swift */ = {isa = PBXFileReference; lastKnownFileType = sourcecode.swift; path = AlbumScreen.swift; sourceTree = "<group>"; };
		F3432B0227E5E054006B7DD6 /* BottomNavigationBar.swift */ = {isa = PBXFileReference; lastKnownFileType = sourcecode.swift; path = BottomNavigationBar.swift; sourceTree = "<group>"; };
		F3432B0427E5E257006B7DD6 /* MoreScreen.swift */ = {isa = PBXFileReference; lastKnownFileType = sourcecode.swift; path = MoreScreen.swift; sourceTree = "<group>"; };
/* End PBXFileReference section */

/* Begin PBXFrameworksBuildPhase section */
		F3432ACE27E5D2B0006B7DD6 /* Frameworks */ = {
			isa = PBXFrameworksBuildPhase;
			buildActionMask = 2147483647;
			files = (
			);
			runOnlyForDeploymentPostprocessing = 0;
		};
		F3432ADE27E5D2B1006B7DD6 /* Frameworks */ = {
			isa = PBXFrameworksBuildPhase;
			buildActionMask = 2147483647;
			files = (
			);
			runOnlyForDeploymentPostprocessing = 0;
		};
		F3432AE827E5D2B1006B7DD6 /* Frameworks */ = {
			isa = PBXFrameworksBuildPhase;
			buildActionMask = 2147483647;
			files = (
			);
			runOnlyForDeploymentPostprocessing = 0;
		};
/* End PBXFrameworksBuildPhase section */

/* Begin PBXGroup section */
		F3432AC827E5D2B0006B7DD6 = {
			isa = PBXGroup;
			children = (
				F3432AD327E5D2B0006B7DD6 /* SwiftLearning */,
				F3432AE427E5D2B1006B7DD6 /* SwiftLearningTests */,
				F3432AEE27E5D2B1006B7DD6 /* SwiftLearningUITests */,
				F3432AD227E5D2B0006B7DD6 /* Products */,
			);
			sourceTree = "<group>";
		};
		F3432AD227E5D2B0006B7DD6 /* Products */ = {
			isa = PBXGroup;
			children = (
				F3432AD127E5D2B0006B7DD6 /* SwiftLearning.app */,
				F3432AE127E5D2B1006B7DD6 /* SwiftLearningTests.xctest */,
				F3432AEB27E5D2B1006B7DD6 /* SwiftLearningUITests.xctest */,
			);
			name = Products;
			sourceTree = "<group>";
		};
		F3432AD327E5D2B0006B7DD6 /* SwiftLearning */ = {
			isa = PBXGroup;
			children = (
				F3432AD427E5D2B0006B7DD6 /* SwiftLearningApp.swift */,
				F3432AD627E5D2B0006B7DD6 /* ContentView.swift */,
				F3432AD827E5D2B1006B7DD6 /* Assets.xcassets */,
				F3432ADA27E5D2B1006B7DD6 /* Preview Content */,
				F3432AFC27E5D5DE006B7DD6 /* HomeScreen.swift */,
				F3432B0027E5DFFC006B7DD6 /* AlbumScreen.swift */,
				F3432B0227E5E054006B7DD6 /* BottomNavigationBar.swift */,
				F3432B0427E5E257006B7DD6 /* MoreScreen.swift */,
			);
			path = SwiftLearning;
			sourceTree = "<group>";
		};
		F3432ADA27E5D2B1006B7DD6 /* Preview Content */ = {
			isa = PBXGroup;
			children = (
				F3432ADB27E5D2B1006B7DD6 /* Preview Assets.xcassets */,
			);
			path = "Preview Content";
			sourceTree = "<group>";
		};
		F3432AE427E5D2B1006B7DD6 /* SwiftLearningTests */ = {
			isa = PBXGroup;
			children = (
				F3432AE527E5D2B1006B7DD6 /* SwiftLearningTests.swift */,
			);
			path = SwiftLearningTests;
			sourceTree = "<group>";
		};
		F3432AEE27E5D2B1006B7DD6 /* SwiftLearningUITests */ = {
			isa = PBXGroup;
			children = (
				F3432AEF27E5D2B1006B7DD6 /* SwiftLearningUITests.swift */,
			);
			path = SwiftLearningUITests;
			sourceTree = "<group>";
		};
/* End PBXGroup section */

/* Begin PBXNativeTarget section */
		F3432AD027E5D2B0006B7DD6 /* SwiftLearning */ = {
			isa = PBXNativeTarget;
			buildConfigurationList = F3432AF327E5D2B1006B7DD6 /* Build configuration list for PBXNativeTarget "SwiftLearning" */;
			buildPhases = (
				F3432ACD27E5D2B0006B7DD6 /* Sources */,
				F3432ACE27E5D2B0006B7DD6 /* Frameworks */,
				F3432ACF27E5D2B0006B7DD6 /* Resources */,
			);
			buildRules = (
			);
			dependencies = (
			);
			name = SwiftLearning;
			productName = SwiftLearning;
			productReference = F3432AD127E5D2B0006B7DD6 /* SwiftLearning.app */;
			productType = "com.apple.product-type.application";
		};
		F3432AE027E5D2B1006B7DD6 /* SwiftLearningTests */ = {
			isa = PBXNativeTarget;
			buildConfigurationList = F3432AF627E5D2B1006B7DD6 /* Build configuration list for PBXNativeTarget "SwiftLearningTests" */;
			buildPhases = (
				F3432ADD27E5D2B1006B7DD6 /* Sources */,
				F3432ADE27E5D2B1006B7DD6 /* Frameworks */,
				F3432ADF27E5D2B1006B7DD6 /* Resources */,
			);
			buildRules = (
			);
			dependencies = (
				F3432AE327E5D2B1006B7DD6 /* PBXTargetDependency */,
			);
			name = SwiftLearningTests;
			productName = SwiftLearningTests;
			productReference = F3432AE127E5D2B1006B7DD6 /* SwiftLearningTests.xctest */;
			productType = "com.apple.product-type.bundle.unit-test";
		};
		F3432AEA27E5D2B1006B7DD6 /* SwiftLearningUITests */ = {
			isa = PBXNativeTarget;
			buildConfigurationList = F3432AF927E5D2B1006B7DD6 /* Build configuration list for PBXNativeTarget "SwiftLearningUITests" */;
			buildPhases = (
				F3432AE727E5D2B1006B7DD6 /* Sources */,
				F3432AE827E5D2B1006B7DD6 /* Frameworks */,
				F3432AE927E5D2B1006B7DD6 /* Resources */,
			);
			buildRules = (
			);
			dependencies = (
				F3432AED27E5D2B1006B7DD6 /* PBXTargetDependency */,
			);
			name = SwiftLearningUITests;
			productName = SwiftLearningUITests;
			productReference = F3432AEB27E5D2B1006B7DD6 /* SwiftLearningUITests.xctest */;
			productType = "com.apple.product-type.bundle.ui-testing";
		};
/* End PBXNativeTarget section */

/* Begin PBXProject section */
		F3432AC927E5D2B0006B7DD6 /* Project object */ = {
			isa = PBXProject;
			attributes = {
				BuildIndependentTargetsInParallel = 1;
				LastSwiftUpdateCheck = 1300;
				LastUpgradeCheck = 1300;
				TargetAttributes = {
					F3432AD027E5D2B0006B7DD6 = {
						CreatedOnToolsVersion = 13.0;
					};
					F3432AE027E5D2B1006B7DD6 = {
						CreatedOnToolsVersion = 13.0;
						TestTargetID = F3432AD027E5D2B0006B7DD6;
					};
					F3432AEA27E5D2B1006B7DD6 = {
						CreatedOnToolsVersion = 13.0;
						TestTargetID = F3432AD027E5D2B0006B7DD6;
					};
				};
			};
			buildConfigurationList = F3432ACC27E5D2B0006B7DD6 /* Build configuration list for PBXProject "SwiftLearning" */;
			compatibilityVersion = "Xcode 13.0";
			developmentRegion = en;
			hasScannedForEncodings = 0;
			knownRegions = (
				en,
				Base,
			);
			mainGroup = F3432AC827E5D2B0006B7DD6;
			productRefGroup = F3432AD227E5D2B0006B7DD6 /* Products */;
			projectDirPath = "";
			projectRoot = "";
			targets = (
				F3432AD027E5D2B0006B7DD6 /* SwiftLearning */,
				F3432AE027E5D2B1006B7DD6 /* SwiftLearningTests */,
				F3432AEA27E5D2B1006B7DD6 /* SwiftLearningUITests */,
			);
		};
/* End PBXProject section */

/* Begin PBXResourcesBuildPhase section */
		F3432ACF27E5D2B0006B7DD6 /* Resources */ = {
			isa = PBXResourcesBuildPhase;
			buildActionMask = 2147483647;
			files = (
				F3432ADC27E5D2B1006B7DD6 /* Preview Assets.xcassets in Resources */,
				F3432AD927E5D2B1006B7DD6 /* Assets.xcassets in Resources */,
			);
			runOnlyForDeploymentPostprocessing = 0;
		};
		F3432ADF27E5D2B1006B7DD6 /* Resources */ = {
			isa = PBXResourcesBuildPhase;
			buildActionMask = 2147483647;
			files = (
			);
			runOnlyForDeploymentPostprocessing = 0;
		};
		F3432AE927E5D2B1006B7DD6 /* Resources */ = {
			isa = PBXResourcesBuildPhase;
			buildActionMask = 2147483647;
			files = (
			);
			runOnlyForDeploymentPostprocessing = 0;
		};
/* End PBXResourcesBuildPhase section */

/* Begin PBXSourcesBuildPhase section */
		F3432ACD27E5D2B0006B7DD6 /* Sources */ = {
			isa = PBXSourcesBuildPhase;
			buildActionMask = 2147483647;
			files = (
				F3432AD727E5D2B0006B7DD6 /* ContentView.swift in Sources */,
				F3432B0327E5E054006B7DD6 /* BottomNavigationBar.swift in Sources */,
				F3432B0527E5E257006B7DD6 /* MoreScreen.swift in Sources */,
				F3432B0127E5DFFC006B7DD6 /* AlbumScreen.swift in Sources */,
				F3432AD527E5D2B0006B7DD6 /* SwiftLearningApp.swift in Sources */,
				F3432AFD27E5D5DE006B7DD6 /* HomeScreen.swift in Sources */,
			);
			runOnlyForDeploymentPostprocessing = 0;
		};
		F3432ADD27E5D2B1006B7DD6 /* Sources */ = {
			isa = PBXSourcesBuildPhase;
			buildActionMask = 2147483647;
			files = (
				F3432AE627E5D2B1006B7DD6 /* SwiftLearningTests.swift in Sources */,
			);
			runOnlyForDeploymentPostprocessing = 0;
		};
		F3432AE727E5D2B1006B7DD6 /* Sources */ = {
			isa = PBXSourcesBuildPhase;
			buildActionMask = 2147483647;
			files = (
				F3432AF027E5D2B1006B7DD6 /* SwiftLearningUITests.swift in Sources */,
			);
			runOnlyForDeploymentPostprocessing = 0;
		};
/* End PBXSourcesBuildPhase section */

/* Begin PBXTargetDependency section */
		F3432AE327E5D2B1006B7DD6 /* PBXTargetDependency */ = {
			isa = PBXTargetDependency;
			target = F3432AD027E5D2B0006B7DD6 /* SwiftLearning */;
			targetProxy = F3432AE227E5D2B1006B7DD6 /* PBXContainerItemProxy */;
		};
		F3432AED27E5D2B1006B7DD6 /* PBXTargetDependency */ = {
			isa = PBXTargetDependency;
			target = F3432AD027E5D2B0006B7DD6 /* SwiftLearning */;
			targetProxy = F3432AEC27E5D2B1006B7DD6 /* PBXContainerItemProxy */;
		};
/* End PBXTargetDependency section */

/* Begin XCBuildConfiguration section */
		F3432AF127E5D2B1006B7DD6 /* Debug */ = {
			isa = XCBuildConfiguration;
			buildSettings = {
				ALWAYS_SEARCH_USER_PATHS = NO;
				CLANG_ANALYZER_NONNULL = YES;
				CLANG_ANALYZER_NUMBER_OBJECT_CONVERSION = YES_AGGRESSIVE;
				CLANG_CXX_LANGUAGE_STANDARD = "gnu++14";
				CLANG_CXX_LIBRARY = "libc++";
				CLANG_ENABLE_MODULES = YES;
				CLANG_ENABLE_OBJC_ARC = YES;
				CLANG_ENABLE_OBJC_WEAK = YES;
				CLANG_WARN_BLOCK_CAPTURE_AUTORELEASING = YES;
				CLANG_WARN_BOOL_CONVERSION = YES;
				CLANG_WARN_COMMA = YES;
				CLANG_WARN_CONSTANT_CONVERSION = YES;
				CLANG_WARN_DEPRECATED_OBJC_IMPLEMENTATIONS = YES;
				CLANG_WARN_DIRECT_OBJC_ISA_USAGE = YES_ERROR;
				CLANG_WARN_DOCUMENTATION_COMMENTS = YES;
				CLANG_WARN_EMPTY_BODY = YES;
				CLANG_WARN_ENUM_CONVERSION = YES;
				CLANG_WARN_INFINITE_RECURSION = YES;
				CLANG_WARN_INT_CONVERSION = YES;
				CLANG_WARN_NON_LITERAL_NULL_CONVERSION = YES;
				CLANG_WARN_OBJC_IMPLICIT_RETAIN_SELF = YES;
				CLANG_WARN_OBJC_LITERAL_CONVERSION = YES;
				CLANG_WARN_OBJC_ROOT_CLASS = YES_ERROR;
				CLANG_WARN_QUOTED_INCLUDE_IN_FRAMEWORK_HEADER = YES;
				CLANG_WARN_RANGE_LOOP_ANALYSIS = YES;
				CLANG_WARN_STRICT_PROTOTYPES = YES;
				CLANG_WARN_SUSPICIOUS_MOVE = YES;
				CLANG_WARN_UNGUARDED_AVAILABILITY = YES_AGGRESSIVE;
				CLANG_WARN_UNREACHABLE_CODE = YES;
				CLANG_WARN__DUPLICATE_METHOD_MATCH = YES;
				COPY_PHASE_STRIP = NO;
				DEBUG_INFORMATION_FORMAT = dwarf;
				ENABLE_STRICT_OBJC_MSGSEND = YES;
				ENABLE_TESTABILITY = YES;
				GCC_C_LANGUAGE_STANDARD = gnu11;
				GCC_DYNAMIC_NO_PIC = NO;
				GCC_NO_COMMON_BLOCKS = YES;
				GCC_OPTIMIZATION_LEVEL = 0;
				GCC_PREPROCESSOR_DEFINITIONS = (
					"DEBUG=1",
					"$(inherited)",
				);
				GCC_WARN_64_TO_32_BIT_CONVERSION = YES;
				GCC_WARN_ABOUT_RETURN_TYPE = YES_ERROR;
				GCC_WARN_UNDECLARED_SELECTOR = YES;
				GCC_WARN_UNINITIALIZED_AUTOS = YES_AGGRESSIVE;
				GCC_WARN_UNUSED_FUNCTION = YES;
				GCC_WARN_UNUSED_VARIABLE = YES;
				IPHONEOS_DEPLOYMENT_TARGET = 15.0;
				MTL_ENABLE_DEBUG_INFO = INCLUDE_SOURCE;
				MTL_FAST_MATH = YES;
				ONLY_ACTIVE_ARCH = YES;
				SDKROOT = iphoneos;
				SWIFT_ACTIVE_COMPILATION_CONDITIONS = DEBUG;
				SWIFT_OPTIMIZATION_LEVEL = "-Onone";
			};
			name = Debug;
		};
		F3432AF227E5D2B1006B7DD6 /* Release */ = {
			isa = XCBuildConfiguration;
			buildSettings = {
				ALWAYS_SEARCH_USER_PATHS = NO;
				CLANG_ANALYZER_NONNULL = YES;
				CLANG_ANALYZER_NUMBER_OBJECT_CONVERSION = YES_AGGRESSIVE;
				CLANG_CXX_LANGUAGE_STANDARD = "gnu++14";
				CLANG_CXX_LIBRARY = "libc++";
				CLANG_ENABLE_MODULES = YES;
				CLANG_ENABLE_OBJC_ARC = YES;
				CLANG_ENABLE_OBJC_WEAK = YES;
				CLANG_WARN_BLOCK_CAPTURE_AUTORELEASING = YES;
				CLANG_WARN_BOOL_CONVERSION = YES;
				CLANG_WARN_COMMA = YES;
				CLANG_WARN_CONSTANT_CONVERSION = YES;
				CLANG_WARN_DEPRECATED_OBJC_IMPLEMENTATIONS = YES;
				CLANG_WARN_DIRECT_OBJC_ISA_USAGE = YES_ERROR;
				CLANG_WARN_DOCUMENTATION_COMMENTS = YES;
				CLANG_WARN_EMPTY_BODY = YES;
				CLANG_WARN_ENUM_CONVERSION = YES;
				CLANG_WARN_INFINITE_RECURSION = YES;
				CLANG_WARN_INT_CONVERSION = YES;
				CLANG_WARN_NON_LITERAL_NULL_CONVERSION = YES;
				CLANG_WARN_OBJC_IMPLICIT_RETAIN_SELF = YES;
				CLANG_WARN_OBJC_LITERAL_CONVERSION = YES;
				CLANG_WARN_OBJC_ROOT_CLASS = YES_ERROR;
				CLANG_WARN_QUOTED_INCLUDE_IN_FRAMEWORK_HEADER = YES;
				CLANG_WARN_RANGE_LOOP_ANALYSIS = YES;
				CLANG_WARN_STRICT_PROTOTYPES = YES;
				CLANG_WARN_SUSPICIOUS_MOVE = YES;
				CLANG_WARN_UNGUARDED_AVAILABILITY = YES_AGGRESSIVE;
				CLANG_WARN_UNREACHABLE_CODE = YES;
				CLANG_WARN__DUPLICATE_METHOD_MATCH = YES;
				COPY_PHASE_STRIP = NO;
				DEBUG_INFORMATION_FORMAT = "dwarf-with-dsym";
				ENABLE_NS_ASSERTIONS = NO;
				ENABLE_STRICT_OBJC_MSGSEND = YES;
				GCC_C_LANGUAGE_STANDARD = gnu11;
				GCC_NO_COMMON_BLOCKS = YES;
				GCC_WARN_64_TO_32_BIT_CONVERSION = YES;
				GCC_WARN_ABOUT_RETURN_TYPE = YES_ERROR;
				GCC_WARN_UNDECLARED_SELECTOR = YES;
				GCC_WARN_UNINITIALIZED_AUTOS = YES_AGGRESSIVE;
				GCC_WARN_UNUSED_FUNCTION = YES;
				GCC_WARN_UNUSED_VARIABLE = YES;
				IPHONEOS_DEPLOYMENT_TARGET = 15.0;
				MTL_ENABLE_DEBUG_INFO = NO;
				MTL_FAST_MATH = YES;
				SDKROOT = iphoneos;
				SWIFT_COMPILATION_MODE = wholemodule;
				SWIFT_OPTIMIZATION_LEVEL = "-O";
				VALIDATE_PRODUCT = YES;
			};
			name = Release;
		};
		F3432AF427E5D2B1006B7DD6 /* Debug */ = {
			isa = XCBuildConfiguration;
			buildSettings = {
				ASSETCATALOG_COMPILER_APPICON_NAME = AppIcon;
				ASSETCATALOG_COMPILER_GLOBAL_ACCENT_COLOR_NAME = AccentColor;
				CODE_SIGN_STYLE = Automatic;
				CURRENT_PROJECT_VERSION = 1;
				DEVELOPMENT_ASSET_PATHS = "\"SwiftLearning/Preview Content\"";
				DEVELOPMENT_TEAM = GBM46Q2LY4;
				ENABLE_PREVIEWS = YES;
				GENERATE_INFOPLIST_FILE = YES;
				INFOPLIST_KEY_UIApplicationSceneManifest_Generation = YES;
				INFOPLIST_KEY_UIApplicationSupportsIndirectInputEvents = YES;
				INFOPLIST_KEY_UILaunchScreen_Generation = YES;
				INFOPLIST_KEY_UISupportedInterfaceOrientations_iPad = "UIInterfaceOrientationPortrait UIInterfaceOrientationPortraitUpsideDown UIInterfaceOrientationLandscapeLeft UIInterfaceOrientationLandscapeRight";
				INFOPLIST_KEY_UISupportedInterfaceOrientations_iPhone = "UIInterfaceOrientationPortrait UIInterfaceOrientationLandscapeLeft UIInterfaceOrientationLandscapeRight";
				IPHONEOS_DEPLOYMENT_TARGET = 14.0;
				LD_RUNPATH_SEARCH_PATHS = (
					"$(inherited)",
					"@executable_path/Frameworks",
				);
				MARKETING_VERSION = 1.0;
				PRODUCT_BUNDLE_IDENTIFIER = tuandiep98.SwiftLearning;
				PRODUCT_NAME = "$(TARGET_NAME)";
				SWIFT_EMIT_LOC_STRINGS = YES;
				SWIFT_VERSION = 5.0;
				TARGETED_DEVICE_FAMILY = "1,2";
			};
			name = Debug;
		};
		F3432AF527E5D2B1006B7DD6 /* Release */ = {
			isa = XCBuildConfiguration;
			buildSettings = {
				ASSETCATALOG_COMPILER_APPICON_NAME = AppIcon;
				ASSETCATALOG_COMPILER_GLOBAL_ACCENT_COLOR_NAME = AccentColor;
				CODE_SIGN_STYLE = Automatic;
				CURRENT_PROJECT_VERSION = 1;
				DEVELOPMENT_ASSET_PATHS = "\"SwiftLearning/Preview Content\"";
				DEVELOPMENT_TEAM = GBM46Q2LY4;
				ENABLE_PREVIEWS = YES;
				GENERATE_INFOPLIST_FILE = YES;
				INFOPLIST_KEY_UIApplicationSceneManifest_Generation = YES;
				INFOPLIST_KEY_UIApplicationSupportsIndirectInputEvents = YES;
				INFOPLIST_KEY_UILaunchScreen_Generation = YES;
				INFOPLIST_KEY_UISupportedInterfaceOrientations_iPad = "UIInterfaceOrientationPortrait UIInterfaceOrientationPortraitUpsideDown UIInterfaceOrientationLandscapeLeft UIInterfaceOrientationLandscapeRight";
				INFOPLIST_KEY_UISupportedInterfaceOrientations_iPhone = "UIInterfaceOrientationPortrait UIInterfaceOrientationLandscapeLeft UIInterfaceOrientationLandscapeRight";
				IPHONEOS_DEPLOYMENT_TARGET = 14.0;
				LD_RUNPATH_SEARCH_PATHS = (
					"$(inherited)",
					"@executable_path/Frameworks",
				);
				MARKETING_VERSION = 1.0;
				PRODUCT_BUNDLE_IDENTIFIER = tuandiep98.SwiftLearning;
				PRODUCT_NAME = "$(TARGET_NAME)";
				SWIFT_EMIT_LOC_STRINGS = YES;
				SWIFT_VERSION = 5.0;
				TARGETED_DEVICE_FAMILY = "1,2";
			};
			name = Release;
		};
		F3432AF727E5D2B1006B7DD6 /* Debug */ = {
			isa = XCBuildConfiguration;
			buildSettings = {
				ALWAYS_EMBED_SWIFT_STANDARD_LIBRARIES = YES;
				BUNDLE_LOADER = "$(TEST_HOST)";
				CODE_SIGN_STYLE = Automatic;
				CURRENT_PROJECT_VERSION = 1;
				DEVELOPMENT_TEAM = GBM46Q2LY4;
				GENERATE_INFOPLIST_FILE = YES;
				IPHONEOS_DEPLOYMENT_TARGET = 14.0;
				LD_RUNPATH_SEARCH_PATHS = (
					"$(inherited)",
					"@executable_path/Frameworks",
					"@loader_path/Frameworks",
				);
				MARKETING_VERSION = 1.0;
				PRODUCT_BUNDLE_IDENTIFIER = tuandiep98.SwiftLearningTests;
				PRODUCT_NAME = "$(TARGET_NAME)";
				SWIFT_EMIT_LOC_STRINGS = NO;
				SWIFT_VERSION = 5.0;
				TARGETED_DEVICE_FAMILY = "1,2";
				TEST_HOST = "$(BUILT_PRODUCTS_DIR)/SwiftLearning.app/SwiftLearning";
			};
			name = Debug;
		};
		F3432AF827E5D2B1006B7DD6 /* Release */ = {
			isa = XCBuildConfiguration;
			buildSettings = {
				ALWAYS_EMBED_SWIFT_STANDARD_LIBRARIES = YES;
				BUNDLE_LOADER = "$(TEST_HOST)";
				CODE_SIGN_STYLE = Automatic;
				CURRENT_PROJECT_VERSION = 1;
				DEVELOPMENT_TEAM = GBM46Q2LY4;
				GENERATE_INFOPLIST_FILE = YES;
				IPHONEOS_DEPLOYMENT_TARGET = 14.0;
				LD_RUNPATH_SEARCH_PATHS = (
					"$(inherited)",
					"@executable_path/Frameworks",
					"@loader_path/Frameworks",
				);
				MARKETING_VERSION = 1.0;
				PRODUCT_BUNDLE_IDENTIFIER = tuandiep98.SwiftLearningTests;
				PRODUCT_NAME = "$(TARGET_NAME)";
				SWIFT_EMIT_LOC_STRINGS = NO;
				SWIFT_VERSION = 5.0;
				TARGETED_DEVICE_FAMILY = "1,2";
				TEST_HOST = "$(BUILT_PRODUCTS_DIR)/SwiftLearning.app/SwiftLearning";
			};
			name = Release;
		};
		F3432AFA27E5D2B1006B7DD6 /* Debug */ = {
			isa = XCBuildConfiguration;
			buildSettings = {
				ALWAYS_EMBED_SWIFT_STANDARD_LIBRARIES = YES;
				CODE_SIGN_STYLE = Automatic;
				CURRENT_PROJECT_VERSION = 1;
				DEVELOPMENT_TEAM = GBM46Q2LY4;
				GENERATE_INFOPLIST_FILE = YES;
				LD_RUNPATH_SEARCH_PATHS = (
					"$(inherited)",
					"@executable_path/Frameworks",
					"@loader_path/Frameworks",
				);
				MARKETING_VERSION = 1.0;
				PRODUCT_BUNDLE_IDENTIFIER = tuandiep98.SwiftLearningUITests;
				PRODUCT_NAME = "$(TARGET_NAME)";
				SWIFT_EMIT_LOC_STRINGS = NO;
				SWIFT_VERSION = 5.0;
				TARGETED_DEVICE_FAMILY = "1,2";
				TEST_TARGET_NAME = SwiftLearning;
			};
			name = Debug;
		};
		F3432AFB27E5D2B1006B7DD6 /* Release */ = {
			isa = XCBuildConfiguration;
			buildSettings = {
				ALWAYS_EMBED_SWIFT_STANDARD_LIBRARIES = YES;
				CODE_SIGN_STYLE = Automatic;
				CURRENT_PROJECT_VERSION = 1;
				DEVELOPMENT_TEAM = GBM46Q2LY4;
				GENERATE_INFOPLIST_FILE = YES;
				LD_RUNPATH_SEARCH_PATHS = (
					"$(inherited)",
					"@executable_path/Frameworks",
					"@loader_path/Frameworks",
				);
				MARKETING_VERSION = 1.0;
				PRODUCT_BUNDLE_IDENTIFIER = tuandiep98.SwiftLearningUITests;
				PRODUCT_NAME = "$(TARGET_NAME)";
				SWIFT_EMIT_LOC_STRINGS = NO;
				SWIFT_VERSION = 5.0;
				TARGETED_DEVICE_FAMILY = "1,2";
				TEST_TARGET_NAME = SwiftLearning;
			};
			name = Release;
		};
/* End XCBuildConfiguration section */

/* Begin XCConfigurationList section */
		F3432ACC27E5D2B0006B7DD6 /* Build configuration list for PBXProject "SwiftLearning" */ = {
			isa = XCConfigurationList;
			buildConfigurations = (
				F3432AF127E5D2B1006B7DD6 /* Debug */,
				F3432AF227E5D2B1006B7DD6 /* Release */,
			);
			defaultConfigurationIsVisible = 0;
			defaultConfigurationName = Release;
		};
		F3432AF327E5D2B1006B7DD6 /* Build configuration list for PBXNativeTarget "SwiftLearning" */ = {
			isa = XCConfigurationList;
			buildConfigurations = (
				F3432AF427E5D2B1006B7DD6 /* Debug */,
				F3432AF527E5D2B1006B7DD6 /* Release */,
			);
			defaultConfigurationIsVisible = 0;
			defaultConfigurationName = Release;
		};
		F3432AF627E5D2B1006B7DD6 /* Build configuration list for PBXNativeTarget "SwiftLearningTests" */ = {
			isa = XCConfigurationList;
			buildConfigurations = (
				F3432AF727E5D2B1006B7DD6 /* Debug */,
				F3432AF827E5D2B1006B7DD6 /* Release */,
			);
			defaultConfigurationIsVisible = 0;
			defaultConfigurationName = Release;
		};
		F3432AF927E5D2B1006B7DD6 /* Build configuration list for PBXNativeTarget "SwiftLearningUITests" */ = {
			isa = XCConfigurationList;
			buildConfigurations = (
				F3432AFA27E5D2B1006B7DD6 /* Debug */,
				F3432AFB27E5D2B1006B7DD6 /* Release */,
			);
			defaultConfigurationIsVisible = 0;
			defaultConfigurationName = Release;
		};
/* End XCConfigurationList section */
	};
	rootObject = F3432AC927E5D2B0006B7DD6 /* Project object */;
}
